Microsoft Visual Studio Solution File, Format Version 12.00
# Visual Studio Version 17
VisualStudioVersion = 17.5.2.0
MinimumVisualStudioVersion = 10.0.40219.1
Project("{FAE04EC0-301F-11D3-BF4B-00C04F79EFBC}") = "TuiterBackend", "TuiterBackend.csproj", "{55D3ABE8-5FB0-52ED-8068-EB74E1D9A2AF}"
EndProject
Global
	GlobalSection(SolutionConfigurationPlatforms) = preSolution
		Debug|Any CPU = Debug|Any CPU
		Release|Any CPU = Release|Any CPU
	EndGlobalSection
	GlobalSection(ProjectConfigurationPlatforms) = postSolution
		{55D3ABE8-5FB0-52ED-8068-EB74E1D9A2AF}.Debug|Any CPU.ActiveCfg = Debug|Any CPU
		{55D3ABE8-5FB0-52ED-8068-EB74E1D9A2AF}.Debug|Any CPU.Build.0 = Debug|Any CPU
		{55D3ABE8-5FB0-52ED-8068-EB74E1D9A2AF}.Release|Any CPU.ActiveCfg = Release|Any CPU
		{55D3ABE8-5FB0-52ED-8068-EB74E1D9A2AF}.Release|Any CPU.Build.0 = Release|Any CPU
	EndGlobalSection
	GlobalSection(SolutionProperties) = preSolution
		HideSolutionNode = FALSE
	EndGlobalSection
	GlobalSection(ExtensibilityGlobals) = postSolution
		SolutionGuid = {086BE6FC-FD11-42C5-9D07-F29FE6A7BF69}
	EndGlobalSection
EndGlobal
